
Microsoft Visual Studio Solution File, Format Version 12.00
# Visual Studio Express 2012 for Windows Desktop
Project("{FAE04EC0-301F-11D3-BF4B-00C04F79EFBC}") = "equaçãosegundograu", "equaçãosegundograu\equaçãosegundograu.csproj", "{C1F885EF-9C2B-434F-A96C-42B82A9EACFB}"
EndProject
Global
	GlobalSection(SolutionConfigurationPlatforms) = preSolution
		Debug|Any CPU = Debug|Any CPU
		Release|Any CPU = Release|Any CPU
	EndGlobalSection
	GlobalSection(ProjectConfigurationPlatforms) = postSolution
		{C1F885EF-9C2B-434F-A96C-42B82A9EACFB}.Debug|Any CPU.ActiveCfg = Debug|Any CPU
		{C1F885EF-9C2B-434F-A96C-42B82A9EACFB}.Debug|Any CPU.Build.0 = Debug|Any CPU
		{C1F885EF-9C2B-434F-A96C-42B82A9EACFB}.Release|Any CPU.ActiveCfg = Release|Any CPU
		{C1F885EF-9C2B-434F-A96C-42B82A9EACFB}.Release|Any CPU.Build.0 = Release|Any CPU
	EndGlobalSection
	GlobalSection(SolutionProperties) = preSolution
		HideSolutionNode = FALSE
	EndGlobalSection
EndGlobal
